
Microsoft Visual Studio Solution File, Format Version 12.00
Project("{FAE04EC0-301F-11D3-BF4B-00C04F79EFBC}") = "LuxoVault", "LuxoVault\LuxoVault.csproj", "{F26F45B6-52B6-419E-BCB0-9CE654840A4F}"
EndProject
Project("{FAE04EC0-301F-11D3-BF4B-00C04F79EFBC}") = "Tests", "Tests\Tests.csproj", "{7AD19636-7C3E-43E7-B63F-052DB8D57439}"
EndProject
Global
	GlobalSection(SolutionConfigurationPlatforms) = preSolution
		Debug|Any CPU = Debug|Any CPU
		Release|Any CPU = Release|Any CPU
	EndGlobalSection
	GlobalSection(ProjectConfigurationPlatforms) = postSolution
		{F26F45B6-52B6-419E-BCB0-9CE654840A4F}.Debug|Any CPU.ActiveCfg = Debug|Any CPU
		{F26F45B6-52B6-419E-BCB0-9CE654840A4F}.Debug|Any CPU.Build.0 = Debug|Any CPU
		{F26F45B6-52B6-419E-BCB0-9CE654840A4F}.Release|Any CPU.ActiveCfg = Release|Any CPU
		{F26F45B6-52B6-419E-BCB0-9CE654840A4F}.Release|Any CPU.Build.0 = Release|Any CPU
		{7AD19636-7C3E-43E7-B63F-052DB8D57439}.Debug|Any CPU.ActiveCfg = Debug|Any CPU
		{7AD19636-7C3E-43E7-B63F-052DB8D57439}.Debug|Any CPU.Build.0 = Debug|Any CPU
		{7AD19636-7C3E-43E7-B63F-052DB8D57439}.Release|Any CPU.ActiveCfg = Release|Any CPU
		{7AD19636-7C3E-43E7-B63F-052DB8D57439}.Release|Any CPU.Build.0 = Release|Any CPU
	EndGlobalSection
EndGlobal
